
Microsoft Visual Studio Solution File, Format Version 12.00
# Visual Studio Version 17
VisualStudioVersion = 17.2.32519.379
MinimumVisualStudioVersion = 10.0.40219.1
Project("{FAE04EC0-301F-11D3-BF4B-00C04F79EFBC}") = "APICatalogo", "APICatalogo\APICatalogo.csproj", "{F9B948BF-0256-44E9-89E6-1A0D1858CA13}"
EndProject
Global
	GlobalSection(SolutionConfigurationPlatforms) = preSolution
		Debug|Any CPU = Debug|Any CPU
		Release|Any CPU = Release|Any CPU
	EndGlobalSection
	GlobalSection(ProjectConfigurationPlatforms) = postSolution
		{F9B948BF-0256-44E9-89E6-1A0D1858CA13}.Debug|Any CPU.ActiveCfg = Debug|Any CPU
		{F9B948BF-0256-44E9-89E6-1A0D1858CA13}.Debug|Any CPU.Build.0 = Debug|Any CPU
		{F9B948BF-0256-44E9-89E6-1A0D1858CA13}.Release|Any CPU.ActiveCfg = Release|Any CPU
		{F9B948BF-0256-44E9-89E6-1A0D1858CA13}.Release|Any CPU.Build.0 = Release|Any CPU
	EndGlobalSection
	GlobalSection(SolutionProperties) = preSolution
		HideSolutionNode = FALSE
	EndGlobalSection
	GlobalSection(ExtensibilityGlobals) = postSolution
		SolutionGuid = {D3CE5DD1-E8BE-44A2-8DF9-215B78199D6C}
	EndGlobalSection
EndGlobal
